
Microsoft Visual Studio Solution File, Format Version 12.00
# Visual Studio Version 16
VisualStudioVersion = 16.0.30711.63
MinimumVisualStudioVersion = 10.0.40219.1
Project("{FAE04EC0-301F-11D3-BF4B-00C04F79EFBC}") = "TrainingProject2", "TrainingProject2\TrainingProject2.csproj", "{B73E450B-CA1B-4B22-B5B8-911BF8AF0C96}"
EndProject
Global
	GlobalSection(SolutionConfigurationPlatforms) = preSolution
		Debug|Any CPU = Debug|Any CPU
		Release|Any CPU = Release|Any CPU
	EndGlobalSection
	GlobalSection(ProjectConfigurationPlatforms) = postSolution
		{B73E450B-CA1B-4B22-B5B8-911BF8AF0C96}.Debug|Any CPU.ActiveCfg = Debug|Any CPU
		{B73E450B-CA1B-4B22-B5B8-911BF8AF0C96}.Debug|Any CPU.Build.0 = Debug|Any CPU
		{B73E450B-CA1B-4B22-B5B8-911BF8AF0C96}.Release|Any CPU.ActiveCfg = Release|Any CPU
		{B73E450B-CA1B-4B22-B5B8-911BF8AF0C96}.Release|Any CPU.Build.0 = Release|Any CPU
	EndGlobalSection
	GlobalSection(SolutionProperties) = preSolution
		HideSolutionNode = FALSE
	EndGlobalSection
	GlobalSection(ExtensibilityGlobals) = postSolution
		SolutionGuid = {4001B8D6-C179-4255-B573-7A27E27EE599}
	EndGlobalSection
EndGlobal
